
Microsoft Visual Studio Solution File, Format Version 12.00
# Visual Studio Version 17
VisualStudioVersion = 17.14.36717.8 d17.14
MinimumVisualStudioVersion = 10.0.40219.1
Project("{FAE04EC0-301F-11D3-BF4B-00C04F79EFBC}") = "TrafficLightMealy", "TrafficLightMealy\TrafficLightMealy.csproj", "{BB9A18C1-4C03-42BE-8B48-DFE03405796A}"
EndProject
Global
	GlobalSection(SolutionConfigurationPlatforms) = preSolution
		Debug|Any CPU = Debug|Any CPU
		Release|Any CPU = Release|Any CPU
	EndGlobalSection
	GlobalSection(ProjectConfigurationPlatforms) = postSolution
		{BB9A18C1-4C03-42BE-8B48-DFE03405796A}.Debug|Any CPU.ActiveCfg = Debug|Any CPU
		{BB9A18C1-4C03-42BE-8B48-DFE03405796A}.Debug|Any CPU.Build.0 = Debug|Any CPU
		{BB9A18C1-4C03-42BE-8B48-DFE03405796A}.Release|Any CPU.ActiveCfg = Release|Any CPU
		{BB9A18C1-4C03-42BE-8B48-DFE03405796A}.Release|Any CPU.Build.0 = Release|Any CPU
	EndGlobalSection
	GlobalSection(SolutionProperties) = preSolution
		HideSolutionNode = FALSE
	EndGlobalSection
	GlobalSection(ExtensibilityGlobals) = postSolution
		SolutionGuid = {98DC0136-DAC5-4ACE-8584-C121F5AB6969}
	EndGlobalSection
EndGlobal
